
Microsoft Visual Studio Solution File, Format Version 12.00
# Visual Studio 15
VisualStudioVersion = 15.0.28307.271
MinimumVisualStudioVersion = 10.0.40219.1
Project("{2150E333-8FDC-42A3-9474-1A3956D46DE8}") = "src", "src", "{7AE6F0B9-A084-4F72-B9BA-BDE8D99CFBE0}"
EndProject
Project("{9A19103F-16F7-4668-BE54-9A1E7A4F7556}") = "Umeng.Push.Core", "Umeng.Push.Core\Umeng.Push.Core.csproj", "{4D60E99A-1A30-475F-AC0D-49CAF276351C}"
EndProject
Project("{FAE04EC0-301F-11D3-BF4B-00C04F79EFBC}") = "XUnitTest", "XUnitTest\XUnitTest.csproj", "{6944477E-350A-491B-8070-CBDF6EB95EB3}"
EndProject
Global
	GlobalSection(SolutionConfigurationPlatforms) = preSolution
		Debug|Any CPU = Debug|Any CPU
		Release|Any CPU = Release|Any CPU
	EndGlobalSection
	GlobalSection(ProjectConfigurationPlatforms) = postSolution
		{4D60E99A-1A30-475F-AC0D-49CAF276351C}.Debug|Any CPU.ActiveCfg = Debug|Any CPU
		{4D60E99A-1A30-475F-AC0D-49CAF276351C}.Debug|Any CPU.Build.0 = Debug|Any CPU
		{4D60E99A-1A30-475F-AC0D-49CAF276351C}.Release|Any CPU.ActiveCfg = Release|Any CPU
		{4D60E99A-1A30-475F-AC0D-49CAF276351C}.Release|Any CPU.Build.0 = Release|Any CPU
		{6944477E-350A-491B-8070-CBDF6EB95EB3}.Debug|Any CPU.ActiveCfg = Debug|Any CPU
		{6944477E-350A-491B-8070-CBDF6EB95EB3}.Debug|Any CPU.Build.0 = Debug|Any CPU
		{6944477E-350A-491B-8070-CBDF6EB95EB3}.Release|Any CPU.ActiveCfg = Release|Any CPU
		{6944477E-350A-491B-8070-CBDF6EB95EB3}.Release|Any CPU.Build.0 = Release|Any CPU
	EndGlobalSection
	GlobalSection(SolutionProperties) = preSolution
		HideSolutionNode = FALSE
	EndGlobalSection
	GlobalSection(NestedProjects) = preSolution
		{4D60E99A-1A30-475F-AC0D-49CAF276351C} = {7AE6F0B9-A084-4F72-B9BA-BDE8D99CFBE0}
		{6944477E-350A-491B-8070-CBDF6EB95EB3} = {7AE6F0B9-A084-4F72-B9BA-BDE8D99CFBE0}
	EndGlobalSection
	GlobalSection(ExtensibilityGlobals) = postSolution
		SolutionGuid = {D9BCB669-2AD6-4124-9D10-0655C2238791}
	EndGlobalSection
EndGlobal
